// !$*UTF8*$!
{
	archiveVersion = 1;
	classes = {
	};
	objectVersion = 46;
	objects = {

/* Begin PBXBuildFile section */
		DC0266011D84B48400D763CC /* StaticRenderer.swift in Sources */ = {isa = PBXBuildFile; fileRef = DC0266001D84B48400D763CC /* StaticRenderer.swift */; };
		DC087D471D85F76800104A84 /* HealthBarSprite.swift in Sources */ = {isa = PBXBuildFile; fileRef = DC087D461D85F76800104A84 /* HealthBarSprite.swift */; };
		DC1CC0061EDBDA04004DF502 /* GLPoint.swift in Sources */ = {isa = PBXBuildFile; fileRef = DC1CC0051EDBDA04004DF502 /* GLPoint.swift */; };
		DC1CC0081EDBDA0A004DF502 /* GLVector3.swift in Sources */ = {isa = PBXBuildFile; fileRef = DC1CC0071EDBDA0A004DF502 /* GLVector3.swift */; };
		DC1CC00A1EDBDA10004DF502 /* GLVector4.swift in Sources */ = {isa = PBXBuildFile; fileRef = DC1CC0091EDBDA10004DF502 /* GLVector4.swift */; };
		DC1CC00C1EDBDA16004DF502 /* GLPoint+Operations.swift in Sources */ = {isa = PBXBuildFile; fileRef = DC1CC00B1EDBDA16004DF502 /* GLPoint+Operations.swift */; };
		DC1CC00E1EDBDA1E004DF502 /* GLVector3+Operations.swift in Sources */ = {isa = PBXBuildFile; fileRef = DC1CC00D1EDBDA1E004DF502 /* GLVector3+Operations.swift */; };
		DC1CC0101EDBDA26004DF502 /* GLVector4+Operations.swift in Sources */ = {isa = PBXBuildFile; fileRef = DC1CC00F1EDBDA26004DF502 /* GLVector4+Operations.swift */; };
		DC2A535A1DEA7A7F00E961FC /* GLSImplosionSprite.swift in Sources */ = {isa = PBXBuildFile; fileRef = DC2A53591DEA7A7F00E961FC /* GLSImplosionSprite.swift */; };
		DC2A535F1DEA7BC500E961FC /* ImplosionShader.fsh in Resources */ = {isa = PBXBuildFile; fileRef = DC2A535D1DEA7BC500E961FC /* ImplosionShader.fsh */; };
		DC2A53601DEA7BC500E961FC /* ImplosionShader.vsh in Resources */ = {isa = PBXBuildFile; fileRef = DC2A535E1DEA7BC500E961FC /* ImplosionShader.vsh */; };
		DC4054251D8C6B0D00608A8F /* PerlinAbsNoiseShader.fsh in Resources */ = {isa = PBXBuildFile; fileRef = DC40541D1D8C6B0D00608A8F /* PerlinAbsNoiseShader.fsh */; };
		DC4054261D8C6B0D00608A8F /* PerlinAbsNoiseShader.vsh in Resources */ = {isa = PBXBuildFile; fileRef = DC40541E1D8C6B0D00608A8F /* PerlinAbsNoiseShader.vsh */; };
		DC4054271D8C6B0D00608A8F /* PerlinFractalNoiseShader.fsh in Resources */ = {isa = PBXBuildFile; fileRef = DC40541F1D8C6B0D00608A8F /* PerlinFractalNoiseShader.fsh */; };
		DC4054281D8C6B0D00608A8F /* PerlinFractalNoiseShader.vsh in Resources */ = {isa = PBXBuildFile; fileRef = DC4054201D8C6B0D00608A8F /* PerlinFractalNoiseShader.vsh */; };
		DC4054291D8C6B0D00608A8F /* PerlinNoiseShader.fsh in Resources */ = {isa = PBXBuildFile; fileRef = DC4054211D8C6B0D00608A8F /* PerlinNoiseShader.fsh */; };
		DC40542A1D8C6B0D00608A8F /* PerlinNoiseShader.vsh in Resources */ = {isa = PBXBuildFile; fileRef = DC4054221D8C6B0D00608A8F /* PerlinNoiseShader.vsh */; };
		DC40542B1D8C6B0D00608A8F /* PerlinSinNoiseShader.fsh in Resources */ = {isa = PBXBuildFile; fileRef = DC4054231D8C6B0D00608A8F /* PerlinSinNoiseShader.fsh */; };
		DC40542C1D8C6B0D00608A8F /* PerlinSinNoiseShader.vsh in Resources */ = {isa = PBXBuildFile; fileRef = DC4054241D8C6B0D00608A8F /* PerlinSinNoiseShader.vsh */; };
		DC4C25431F47870400EFE7A2 /* GLSParticleEmitterFireballDelegate.swift in Sources */ = {isa = PBXBuildFile; fileRef = DC4C25421F47870400EFE7A2 /* GLSParticleEmitterFireballDelegate.swift */; };
		DC5CDCA51D80B351008C2A8D /* GLSTileSprite.swift in Sources */ = {isa = PBXBuildFile; fileRef = DC5CDC941D80B351008C2A8D /* GLSTileSprite.swift */; };
		DC5CDCA61D80B351008C2A8D /* GLSAlphaHoleSprite.swift in Sources */ = {isa = PBXBuildFile; fileRef = DC5CDC951D80B351008C2A8D /* GLSAlphaHoleSprite.swift */; };
		DC5CDCA71D80B351008C2A8D /* GLSBlurSprite.swift in Sources */ = {isa = PBXBuildFile; fileRef = DC5CDC961D80B351008C2A8D /* GLSBlurSprite.swift */; };
		DC5CDCA81D80B351008C2A8D /* GLSDoubleSprite.swift in Sources */ = {isa = PBXBuildFile; fileRef = DC5CDC971D80B351008C2A8D /* GLSDoubleSprite.swift */; };
		DC5CDCA91D80B351008C2A8D /* GLSFireSprite.swift in Sources */ = {isa = PBXBuildFile; fileRef = DC5CDC981D80B351008C2A8D /* GLSFireSprite.swift */; };
		DC5CDCAA1D80B351008C2A8D /* GLSFrameBuffer.swift in Sources */ = {isa = PBXBuildFile; fileRef = DC5CDC991D80B351008C2A8D /* GLSFrameBuffer.swift */; };
		DC5CDCAB1D80B351008C2A8D /* GLSFrameSprite.swift in Sources */ = {isa = PBXBuildFile; fileRef = DC5CDC9A1D80B351008C2A8D /* GLSFrameSprite.swift */; };
		DC5CDCAC1D80B351008C2A8D /* GLSGradientSprite.swift in Sources */ = {isa = PBXBuildFile; fileRef = DC5CDC9B1D80B351008C2A8D /* GLSGradientSprite.swift */; };
		DC5CDCAD1D80B351008C2A8D /* GLSGroupNode.swift in Sources */ = {isa = PBXBuildFile; fileRef = DC5CDC9C1D80B351008C2A8D /* GLSGroupNode.swift */; };
		DC5CDCAE1D80B351008C2A8D /* GLSNode.swift in Sources */ = {isa = PBXBuildFile; fileRef = DC5CDC9D1D80B351008C2A8D /* GLSNode.swift */; };
		DC5CDCB01D80B351008C2A8D /* GLSParticleEmitter.swift in Sources */ = {isa = PBXBuildFile; fileRef = DC5CDC9F1D80B351008C2A8D /* GLSParticleEmitter.swift */; };
		DC5CDCB11D80B351008C2A8D /* GLSPerlinNoiseSprite.swift in Sources */ = {isa = PBXBuildFile; fileRef = DC5CDCA01D80B351008C2A8D /* GLSPerlinNoiseSprite.swift */; };
		DC5CDCB21D80B351008C2A8D /* GLSRadialGradientSprite.swift in Sources */ = {isa = PBXBuildFile; fileRef = DC5CDCA11D80B351008C2A8D /* GLSRadialGradientSprite.swift */; };
		DC5CDCB31D80B351008C2A8D /* GLSRecursivePropertyNode.swift in Sources */ = {isa = PBXBuildFile; fileRef = DC5CDCA21D80B351008C2A8D /* GLSRecursivePropertyNode.swift */; };
		DC5CDCB51D80B351008C2A8D /* GLSSprite.swift in Sources */ = {isa = PBXBuildFile; fileRef = DC5CDCA41D80B351008C2A8D /* GLSSprite.swift */; };
		DC5CDCC91D80B360008C2A8D /* CCTexture.swift in Sources */ = {isa = PBXBuildFile; fileRef = DC5CDCB71D80B360008C2A8D /* CCTexture.swift */; };
		DC5CDCCA1D80B360008C2A8D /* CCTextureOrganizer.swift in Sources */ = {isa = PBXBuildFile; fileRef = DC5CDCB81D80B360008C2A8D /* CCTextureOrganizer.swift */; };
		DC5CDCCB1D80B360008C2A8D /* GLAttributeBridger.swift in Sources */ = {isa = PBXBuildFile; fileRef = DC5CDCB91D80B360008C2A8D /* GLAttributeBridger.swift */; };
		DC5CDCCC1D80B360008C2A8D /* GLGradientTexture2D.swift in Sources */ = {isa = PBXBuildFile; fileRef = DC5CDCBA1D80B360008C2A8D /* GLGradientTexture2D.swift */; };
		DC5CDCCD1D80B360008C2A8D /* GLKOmniController.swift in Sources */ = {isa = PBXBuildFile; fileRef = DC5CDCBB1D80B360008C2A8D /* GLKOmniController.swift */; };
		DC5CDCCE1D80B360008C2A8D /* GLProgramDictionary.swift in Sources */ = {isa = PBXBuildFile; fileRef = DC5CDCBC1D80B360008C2A8D /* GLProgramDictionary.swift */; };
		DC5CDCCF1D80B360008C2A8D /* GLSAnimator.swift in Sources */ = {isa = PBXBuildFile; fileRef = DC5CDCBD1D80B360008C2A8D /* GLSAnimator.swift */; };
		DC5CDCD01D80B360008C2A8D /* GLSCamera.swift in Sources */ = {isa = PBXBuildFile; fileRef = DC5CDCBE1D80B360008C2A8D /* GLSCamera.swift */; };
		DC5CDCD11D80B360008C2A8D /* GLSFramebufferReference.swift in Sources */ = {isa = PBXBuildFile; fileRef = DC5CDCBF1D80B360008C2A8D /* GLSFramebufferReference.swift */; };
		DC5CDCD21D80B360008C2A8D /* GLSFramebufferStack.swift in Sources */ = {isa = PBXBuildFile; fileRef = DC5CDCC01D80B360008C2A8D /* GLSFramebufferStack.swift */; };
		DC5CDCD31D80B360008C2A8D /* GLSNode+Animation.swift in Sources */ = {isa = PBXBuildFile; fileRef = DC5CDCC11D80B360008C2A8D /* GLSNode+Animation.swift */; };
		DC5CDCD41D80B360008C2A8D /* MultiTexturedQuad.swift in Sources */ = {isa = PBXBuildFile; fileRef = DC5CDCC21D80B360008C2A8D /* MultiTexturedQuad.swift */; };
		DC5CDCD51D80B360008C2A8D /* NoiseFadeAnimation.swift in Sources */ = {isa = PBXBuildFile; fileRef = DC5CDCC31D80B360008C2A8D /* NoiseFadeAnimation.swift */; };
		DC5CDCD61D80B360008C2A8D /* NoiseTexture2D.swift in Sources */ = {isa = PBXBuildFile; fileRef = DC5CDCC41D80B360008C2A8D /* NoiseTexture2D.swift */; };
		DC5CDCD71D80B360008C2A8D /* ParticleEmitterBackgroundQueue.swift in Sources */ = {isa = PBXBuildFile; fileRef = DC5CDCC51D80B360008C2A8D /* ParticleEmitterBackgroundQueue.swift */; };
		DC5CDCD81D80B360008C2A8D /* PlaygroundOpenGLDelegate.swift in Sources */ = {isa = PBXBuildFile; fileRef = DC5CDCC61D80B360008C2A8D /* PlaygroundOpenGLDelegate.swift */; };
		DC5CDCD91D80B360008C2A8D /* ShaderHelper.swift in Sources */ = {isa = PBXBuildFile; fileRef = DC5CDCC71D80B360008C2A8D /* ShaderHelper.swift */; };
		DC5CDCDA1D80B360008C2A8D /* TexturedQuad.swift in Sources */ = {isa = PBXBuildFile; fileRef = DC5CDCC81D80B360008C2A8D /* TexturedQuad.swift */; };
		DC5CDCE41D80B38C008C2A8D /* CoronaConvenience.framework in Frameworks */ = {isa = PBXBuildFile; fileRef = DC5CDCE31D80B388008C2A8D /* CoronaConvenience.framework */; };
		DC5CDCEC1D80B3C2008C2A8D /* CoronaStructures.framework in Frameworks */ = {isa = PBXBuildFile; fileRef = DC5CDCEB1D80B3BD008C2A8D /* CoronaStructures.framework */; };
		DC5CDCF71D80B6D1008C2A8D /* BilinearArray.swift in Sources */ = {isa = PBXBuildFile; fileRef = DC5CDCEE1D80B6D1008C2A8D /* BilinearArray.swift */; };
		DC5CDCF81D80B6D1008C2A8D /* FluctuatingNoise1D.swift in Sources */ = {isa = PBXBuildFile; fileRef = DC5CDCEF1D80B6D1008C2A8D /* FluctuatingNoise1D.swift */; };
		DC5CDCF91D80B6D1008C2A8D /* LinearArray.swift in Sources */ = {isa = PBXBuildFile; fileRef = DC5CDCF01D80B6D1008C2A8D /* LinearArray.swift */; };
		DC5CDCFB1D80B6D1008C2A8D /* NoiseArray1D.swift in Sources */ = {isa = PBXBuildFile; fileRef = DC5CDCF21D80B6D1008C2A8D /* NoiseArray1D.swift */; };
		DC5CDCFC1D80B6D1008C2A8D /* NoiseArray2D.swift in Sources */ = {isa = PBXBuildFile; fileRef = DC5CDCF31D80B6D1008C2A8D /* NoiseArray2D.swift */; };
		DC5CDCFD1D80B6D1008C2A8D /* NoiseArray3D.swift in Sources */ = {isa = PBXBuildFile; fileRef = DC5CDCF41D80B6D1008C2A8D /* NoiseArray3D.swift */; };
		DC5CDCFE1D80B6D1008C2A8D /* SmoothingFunctions.swift in Sources */ = {isa = PBXBuildFile; fileRef = DC5CDCF51D80B6D1008C2A8D /* SmoothingFunctions.swift */; };
		DC5CDCFF1D80B6D1008C2A8D /* TrilinearArray.swift in Sources */ = {isa = PBXBuildFile; fileRef = DC5CDCF61D80B6D1008C2A8D /* TrilinearArray.swift */; };
		DC5E203E1D8B3AE7006B7498 /* GameplayKit.framework in Frameworks */ = {isa = PBXBuildFile; fileRef = DC5E203D1D8B3AE7006B7498 /* GameplayKit.framework */; };
		DC6E8B141DCBC89D00620B7C /* GLSCheckerSprite.swift in Sources */ = {isa = PBXBuildFile; fileRef = DC6E8B131DCBC89D00620B7C /* GLSCheckerSprite.swift */; };
		DC806F371D8202A9006F95F7 /* GLSBoolList2DSprite.swift in Sources */ = {isa = PBXBuildFile; fileRef = DC806F361D8202A9006F95F7 /* GLSBoolList2DSprite.swift */; };
		DC8EC0581D8C435800CA55AD /* UniversalParticleShader.fsh in Resources */ = {isa = PBXBuildFile; fileRef = DCB587301D8A467B00194959 /* UniversalParticleShader.fsh */; };
		DC8EC0591D8C435800CA55AD /* UniversalParticleShader.vsh in Resources */ = {isa = PBXBuildFile; fileRef = DCB587311D8A467B00194959 /* UniversalParticleShader.vsh */; };
		DC912B191E47EAA7001567D0 /* CheckerShader.fsh in Resources */ = {isa = PBXBuildFile; fileRef = DC912B171E47EAA7001567D0 /* CheckerShader.fsh */; };
		DC912B1A1E47EAA7001567D0 /* CheckerShader.vsh in Resources */ = {isa = PBXBuildFile; fileRef = DC912B181E47EAA7001567D0 /* CheckerShader.vsh */; };
		DC912B1F1E47EAB8001567D0 /* FireShader.fsh in Resources */ = {isa = PBXBuildFile; fileRef = DC912B1B1E47EAB8001567D0 /* FireShader.fsh */; };
		DC912B201E47EAB8001567D0 /* FireShader.vsh in Resources */ = {isa = PBXBuildFile; fileRef = DC912B1C1E47EAB8001567D0 /* FireShader.vsh */; };
		DC912B211E47EAB8001567D0 /* FractalFireShader.fsh in Resources */ = {isa = PBXBuildFile; fileRef = DC912B1D1E47EAB8001567D0 /* FractalFireShader.fsh */; };
		DC912B221E47EAB8001567D0 /* FractalFireShader.vsh in Resources */ = {isa = PBXBuildFile; fileRef = DC912B1E1E47EAB8001567D0 /* FractalFireShader.vsh */; };
		DC94962C1E4249BD008CF23E /* GLSSprite+Animation.swift in Sources */ = {isa = PBXBuildFile; fileRef = DC94962B1E4249BD008CF23E /* GLSSprite+Animation.swift */; };
		DC9FCCF21EDA193B00881218 /* GLSParticleLayer.swift in Sources */ = {isa = PBXBuildFile; fileRef = DC9FCCF11EDA193B00881218 /* GLSParticleLayer.swift */; };
		DCA41A701EDD1A2F00DE5F3A /* GLSParticleEmitterDelegate.swift in Sources */ = {isa = PBXBuildFile; fileRef = DCA41A6F1EDD1A2F00DE5F3A /* GLSParticleEmitterDelegate.swift */; };
		DCB587321D8A467B00194959 /* AlphaHoleShader.fsh in Resources */ = {isa = PBXBuildFile; fileRef = DCB5870C1D8A467B00194959 /* AlphaHoleShader.fsh */; };
		DCB587331D8A467B00194959 /* AlphaHoleShader.vsh in Resources */ = {isa = PBXBuildFile; fileRef = DCB5870D1D8A467B00194959 /* AlphaHoleShader.vsh */; };
		DCB587341D8A467B00194959 /* BasicGradientShader.fsh in Resources */ = {isa = PBXBuildFile; fileRef = DCB5870E1D8A467B00194959 /* BasicGradientShader.fsh */; };
		DCB587351D8A467B00194959 /* BasicGradientShader.vsh in Resources */ = {isa = PBXBuildFile; fileRef = DCB5870F1D8A467B00194959 /* BasicGradientShader.vsh */; };
		DCB587361D8A467B00194959 /* BasicShader.fsh in Resources */ = {isa = PBXBuildFile; fileRef = DCB587101D8A467B00194959 /* BasicShader.fsh */; };
		DCB587371D8A467B00194959 /* BasicShader.vsh in Resources */ = {isa = PBXBuildFile; fileRef = DCB587111D8A467B00194959 /* BasicShader.vsh */; };
		DCB587381D8A467B00194959 /* ColorShader.fsh in Resources */ = {isa = PBXBuildFile; fileRef = DCB587121D8A467B00194959 /* ColorShader.fsh */; };
		DCB587391D8A467B00194959 /* ColorShader.vsh in Resources */ = {isa = PBXBuildFile; fileRef = DCB587131D8A467B00194959 /* ColorShader.vsh */; };
		DCB5873A1D8A467B00194959 /* DoubleShader.fsh in Resources */ = {isa = PBXBuildFile; fileRef = DCB587141D8A467B00194959 /* DoubleShader.fsh */; };
		DCB5873B1D8A467B00194959 /* DoubleShader.vsh in Resources */ = {isa = PBXBuildFile; fileRef = DCB587151D8A467B00194959 /* DoubleShader.vsh */; };
		DCB5873C1D8A467B00194959 /* DummyShader.fsh in Resources */ = {isa = PBXBuildFile; fileRef = DCB587161D8A467B00194959 /* DummyShader.fsh */; };
		DCB5873D1D8A467B00194959 /* DummyShader.vsh in Resources */ = {isa = PBXBuildFile; fileRef = DCB587171D8A467B00194959 /* DummyShader.vsh */; };
		DCB5873E1D8A467B00194959 /* FastBlurShader.fsh in Resources */ = {isa = PBXBuildFile; fileRef = DCB587181D8A467B00194959 /* FastBlurShader.fsh */; };
		DCB5873F1D8A467B00194959 /* FastBlurShader.vsh in Resources */ = {isa = PBXBuildFile; fileRef = DCB587191D8A467B00194959 /* FastBlurShader.vsh */; };
		DCB587401D8A467B00194959 /* FastFractalShader.fsh in Resources */ = {isa = PBXBuildFile; fileRef = DCB5871A1D8A467B00194959 /* FastFractalShader.fsh */; };
		DCB587411D8A467B00194959 /* FastFractalShader.vsh in Resources */ = {isa = PBXBuildFile; fileRef = DCB5871B1D8A467B00194959 /* FastFractalShader.vsh */; };
		DCB587441D8A467B00194959 /* HardBlurShader.fsh in Resources */ = {isa = PBXBuildFile; fileRef = DCB5871E1D8A467B00194959 /* HardBlurShader.fsh */; };
		DCB587451D8A467B00194959 /* HardBlurShader.vsh in Resources */ = {isa = PBXBuildFile; fileRef = DCB5871F1D8A467B00194959 /* HardBlurShader.vsh */; };
		DCB587461D8A467B00194959 /* NoiseShader.fsh in Resources */ = {isa = PBXBuildFile; fileRef = DCB587201D8A467B00194959 /* NoiseShader.fsh */; };
		DCB587471D8A467B00194959 /* NoiseShader.vsh in Resources */ = {isa = PBXBuildFile; fileRef = DCB587211D8A467B00194959 /* NoiseShader.vsh */; };
		DCB587501D8A467B00194959 /* RadialGradientShader.fsh in Resources */ = {isa = PBXBuildFile; fileRef = DCB5872A1D8A467B00194959 /* RadialGradientShader.fsh */; };
		DCB587511D8A467B00194959 /* RadialGradientShader.vsh in Resources */ = {isa = PBXBuildFile; fileRef = DCB5872B1D8A467B00194959 /* RadialGradientShader.vsh */; };
		DCB587521D8A467B00194959 /* SoftBlurShader.fsh in Resources */ = {isa = PBXBuildFile; fileRef = DCB5872C1D8A467B00194959 /* SoftBlurShader.fsh */; };
		DCB587531D8A467B00194959 /* SoftBlurShader.vsh in Resources */ = {isa = PBXBuildFile; fileRef = DCB5872D1D8A467B00194959 /* SoftBlurShader.vsh */; };
		DCB587541D8A467B00194959 /* Universal2DShader.fsh in Resources */ = {isa = PBXBuildFile; fileRef = DCB5872E1D8A467B00194959 /* Universal2DShader.fsh */; };
		DCB587551D8A467B00194959 /* Universal2DShader.vsh in Resources */ = {isa = PBXBuildFile; fileRef = DCB5872F1D8A467B00194959 /* Universal2DShader.vsh */; };
		DCBC5D521EE37CC0005910B1 /* GLSAnimatable.swift in Sources */ = {isa = PBXBuildFile; fileRef = DCBC5D511EE37CC0005910B1 /* GLSAnimatable.swift */; };
		DCC50CC71D81ECED007092CA /* ColorGradient1D.swift in Sources */ = {isa = PBXBuildFile; fileRef = DCC50CC61D81ECED007092CA /* ColorGradient1D.swift */; };
		DCEA99B91D8CCA740019964F /* OmniGLView2d.swift in Sources */ = {isa = PBXBuildFile; fileRef = DCEA99B81D8CCA740019964F /* OmniGLView2d.swift */; };
		DCF65C881EBC523D00D16693 /* GLSPolygonSprite.swift in Sources */ = {isa = PBXBuildFile; fileRef = DCF65C871EBC523D00D16693 /* GLSPolygonSprite.swift */; };
/* End PBXBuildFile section */

/* Begin PBXContainerItemProxy section */
		DC28460B1F44BB93003C3FF0 /* PBXContainerItemProxy */ = {
			isa = PBXContainerItemProxy;
			containerPortal = DC5CDCDE1D80B388008C2A8D /* CoronaConvenience.xcodeproj */;
			proxyType = 2;
			remoteGlobalIDString = DC6B68CA1EB59E7700B0FF92;
			remoteInfo = CoronaConvenience.Tests;
		};
		DC2846151F44BB93003C3FF0 /* PBXContainerItemProxy */ = {
			isa = PBXContainerItemProxy;
			containerPortal = DC5CDCE51D80B3BD008C2A8D /* CoronaStructures.xcodeproj */;
			proxyType = 2;
			remoteGlobalIDString = DC66C0D51F43C9AB0097AB9C;
			remoteInfo = "CoronaStructures-Tests";
		};
		DC5CDCE21D80B388008C2A8D /* PBXContainerItemProxy */ = {
			isa = PBXContainerItemProxy;
			containerPortal = DC5CDCDE1D80B388008C2A8D /* CoronaConvenience.xcodeproj */;
			proxyType = 2;
			remoteGlobalIDString = DC4D07951D7D233A00862432;
			remoteInfo = CoronaConvenience;
		};
		DC5CDCEA1D80B3BD008C2A8D /* PBXContainerItemProxy */ = {
			isa = PBXContainerItemProxy;
			containerPortal = DC5CDCE51D80B3BD008C2A8D /* CoronaStructures.xcodeproj */;
			proxyType = 2;
			remoteGlobalIDString = DC7428CE1D7F4446001AF8E1;
			remoteInfo = CoronaStructures;
		};
/* End PBXContainerItemProxy section */

/* Begin PBXFileReference section */
		DC0266001D84B48400D763CC /* StaticRenderer.swift */ = {isa = PBXFileReference; fileEncoding = 4; lastKnownFileType = sourcecode.swift; path = StaticRenderer.swift; sourceTree = "<group>"; };
		DC087D461D85F76800104A84 /* HealthBarSprite.swift */ = {isa = PBXFileReference; fileEncoding = 4; lastKnownFileType = sourcecode.swift; path = HealthBarSprite.swift; sourceTree = "<group>"; };
		DC1CC0051EDBDA04004DF502 /* GLPoint.swift */ = {isa = PBXFileReference; fileEncoding = 4; lastKnownFileType = sourcecode.swift; path = GLPoint.swift; sourceTree = "<group>"; };
		DC1CC0071EDBDA0A004DF502 /* GLVector3.swift */ = {isa = PBXFileReference; fileEncoding = 4; lastKnownFileType = sourcecode.swift; path = GLVector3.swift; sourceTree = "<group>"; };
		DC1CC0091EDBDA10004DF502 /* GLVector4.swift */ = {isa = PBXFileReference; fileEncoding = 4; lastKnownFileType = sourcecode.swift; path = GLVector4.swift; sourceTree = "<group>"; };
		DC1CC00B1EDBDA16004DF502 /* GLPoint+Operations.swift */ = {isa = PBXFileReference; fileEncoding = 4; lastKnownFileType = sourcecode.swift; path = "GLPoint+Operations.swift"; sourceTree = "<group>"; };
		DC1CC00D1EDBDA1E004DF502 /* GLVector3+Operations.swift */ = {isa = PBXFileReference; fileEncoding = 4; lastKnownFileType = sourcecode.swift; path = "GLVector3+Operations.swift"; sourceTree = "<group>"; };
		DC1CC00F1EDBDA26004DF502 /* GLVector4+Operations.swift */ = {isa = PBXFileReference; fileEncoding = 4; lastKnownFileType = sourcecode.swift; path = "GLVector4+Operations.swift"; sourceTree = "<group>"; };
		DC2A53591DEA7A7F00E961FC /* GLSImplosionSprite.swift */ = {isa = PBXFileReference; fileEncoding = 4; lastKnownFileType = sourcecode.swift; path = GLSImplosionSprite.swift; sourceTree = "<group>"; };
		DC2A535D1DEA7BC500E961FC /* ImplosionShader.fsh */ = {isa = PBXFileReference; fileEncoding = 4; lastKnownFileType = sourcecode.glsl; path = ImplosionShader.fsh; sourceTree = "<group>"; };
		DC2A535E1DEA7BC500E961FC /* ImplosionShader.vsh */ = {isa = PBXFileReference; fileEncoding = 4; lastKnownFileType = sourcecode.glsl; path = ImplosionShader.vsh; sourceTree = "<group>"; };
		DC40541D1D8C6B0D00608A8F /* PerlinAbsNoiseShader.fsh */ = {isa = PBXFileReference; fileEncoding = 4; lastKnownFileType = sourcecode.glsl; path = PerlinAbsNoiseShader.fsh; sourceTree = "<group>"; };
		DC40541E1D8C6B0D00608A8F /* PerlinAbsNoiseShader.vsh */ = {isa = PBXFileReference; fileEncoding = 4; lastKnownFileType = sourcecode.glsl; path = PerlinAbsNoiseShader.vsh; sourceTree = "<group>"; };
		DC40541F1D8C6B0D00608A8F /* PerlinFractalNoiseShader.fsh */ = {isa = PBXFileReference; fileEncoding = 4; lastKnownFileType = sourcecode.glsl; path = PerlinFractalNoiseShader.fsh; sourceTree = "<group>"; };
		DC4054201D8C6B0D00608A8F /* PerlinFractalNoiseShader.vsh */ = {isa = PBXFileReference; fileEncoding = 4; lastKnownFileType = sourcecode.glsl; path = PerlinFractalNoiseShader.vsh; sourceTree = "<group>"; };
		DC4054211D8C6B0D00608A8F /* PerlinNoiseShader.fsh */ = {isa = PBXFileReference; fileEncoding = 4; lastKnownFileType = sourcecode.glsl; path = PerlinNoiseShader.fsh; sourceTree = "<group>"; };
		DC4054221D8C6B0D00608A8F /* PerlinNoiseShader.vsh */ = {isa = PBXFileReference; fileEncoding = 4; lastKnownFileType = sourcecode.glsl; path = PerlinNoiseShader.vsh; sourceTree = "<group>"; };
		DC4054231D8C6B0D00608A8F /* PerlinSinNoiseShader.fsh */ = {isa = PBXFileReference; fileEncoding = 4; lastKnownFileType = sourcecode.glsl; path = PerlinSinNoiseShader.fsh; sourceTree = "<group>"; };
		DC4054241D8C6B0D00608A8F /* PerlinSinNoiseShader.vsh */ = {isa = PBXFileReference; fileEncoding = 4; lastKnownFileType = sourcecode.glsl; path = PerlinSinNoiseShader.vsh; sourceTree = "<group>"; };
		DC4C25421F47870400EFE7A2 /* GLSParticleEmitterFireballDelegate.swift */ = {isa = PBXFileReference; fileEncoding = 4; lastKnownFileType = sourcecode.swift; path = GLSParticleEmitterFireballDelegate.swift; sourceTree = "<group>"; };
		DC5CDC891D80B30F008C2A8D /* CoronaGL.framework */ = {isa = PBXFileReference; explicitFileType = wrapper.framework; includeInIndex = 0; path = CoronaGL.framework; sourceTree = BUILT_PRODUCTS_DIR; };
		DC5CDC8E1D80B30F008C2A8D /* Info.plist */ = {isa = PBXFileReference; lastKnownFileType = text.plist.xml; path = Info.plist; sourceTree = "<group>"; };
		DC5CDC941D80B351008C2A8D /* GLSTileSprite.swift */ = {isa = PBXFileReference; fileEncoding = 4; lastKnownFileType = sourcecode.swift; path = GLSTileSprite.swift; sourceTree = "<group>"; };
		DC5CDC951D80B351008C2A8D /* GLSAlphaHoleSprite.swift */ = {isa = PBXFileReference; fileEncoding = 4; lastKnownFileType = sourcecode.swift; path = GLSAlphaHoleSprite.swift; sourceTree = "<group>"; };
		DC5CDC961D80B351008C2A8D /* GLSBlurSprite.swift */ = {isa = PBXFileReference; fileEncoding = 4; lastKnownFileType = sourcecode.swift; path = GLSBlurSprite.swift; sourceTree = "<group>"; };
		DC5CDC971D80B351008C2A8D /* GLSDoubleSprite.swift */ = {isa = PBXFileReference; fileEncoding = 4; lastKnownFileType = sourcecode.swift; path = GLSDoubleSprite.swift; sourceTree = "<group>"; };
		DC5CDC981D80B351008C2A8D /* GLSFireSprite.swift */ = {isa = PBXFileReference; fileEncoding = 4; lastKnownFileType = sourcecode.swift; path = GLSFireSprite.swift; sourceTree = "<group>"; };
		DC5CDC991D80B351008C2A8D /* GLSFrameBuffer.swift */ = {isa = PBXFileReference; fileEncoding = 4; lastKnownFileType = sourcecode.swift; path = GLSFrameBuffer.swift; sourceTree = "<group>"; };
		DC5CDC9A1D80B351008C2A8D /* GLSFrameSprite.swift */ = {isa = PBXFileReference; fileEncoding = 4; lastKnownFileType = sourcecode.swift; path = GLSFrameSprite.swift; sourceTree = "<group>"; };
		DC5CDC9B1D80B351008C2A8D /* GLSGradientSprite.swift */ = {isa = PBXFileReference; fileEncoding = 4; lastKnownFileType = sourcecode.swift; path = GLSGradientSprite.swift; sourceTree = "<group>"; };
		DC5CDC9C1D80B351008C2A8D /* GLSGroupNode.swift */ = {isa = PBXFileReference; fileEncoding = 4; lastKnownFileType = sourcecode.swift; path = GLSGroupNode.swift; sourceTree = "<group>"; };
		DC5CDC9D1D80B351008C2A8D /* GLSNode.swift */ = {isa = PBXFileReference; fileEncoding = 4; lastKnownFileType = sourcecode.swift; path = GLSNode.swift; sourceTree = "<group>"; };
		DC5CDC9F1D80B351008C2A8D /* GLSParticleEmitter.swift */ = {isa = PBXFileReference; fileEncoding = 4; lastKnownFileType = sourcecode.swift; path = GLSParticleEmitter.swift; sourceTree = "<group>"; };
		DC5CDCA01D80B351008C2A8D /* GLSPerlinNoiseSprite.swift */ = {isa = PBXFileReference; fileEncoding = 4; lastKnownFileType = sourcecode.swift; path = GLSPerlinNoiseSprite.swift; sourceTree = "<group>"; };
		DC5CDCA11D80B351008C2A8D /* GLSRadialGradientSprite.swift */ = {isa = PBXFileReference; fileEncoding = 4; lastKnownFileType = sourcecode.swift; path = GLSRadialGradientSprite.swift; sourceTree = "<group>"; };
		DC5CDCA21D80B351008C2A8D /* GLSRecursivePropertyNode.swift */ = {isa = PBXFileReference; fileEncoding = 4; lastKnownFileType = sourcecode.swift; path = GLSRecursivePropertyNode.swift; sourceTree = "<group>"; };
		DC5CDCA41D80B351008C2A8D /* GLSSprite.swift */ = {isa = PBXFileReference; fileEncoding = 4; lastKnownFileType = sourcecode.swift; path = GLSSprite.swift; sourceTree = "<group>"; };
		DC5CDCB71D80B360008C2A8D /* CCTexture.swift */ = {isa = PBXFileReference; fileEncoding = 4; lastKnownFileType = sourcecode.swift; path = CCTexture.swift; sourceTree = "<group>"; };
		DC5CDCB81D80B360008C2A8D /* CCTextureOrganizer.swift */ = {isa = PBXFileReference; fileEncoding = 4; lastKnownFileType = sourcecode.swift; path = CCTextureOrganizer.swift; sourceTree = "<group>"; };
		DC5CDCB91D80B360008C2A8D /* GLAttributeBridger.swift */ = {isa = PBXFileReference; fileEncoding = 4; lastKnownFileType = sourcecode.swift; path = GLAttributeBridger.swift; sourceTree = "<group>"; };
		DC5CDCBA1D80B360008C2A8D /* GLGradientTexture2D.swift */ = {isa = PBXFileReference; fileEncoding = 4; lastKnownFileType = sourcecode.swift; path = GLGradientTexture2D.swift; sourceTree = "<group>"; };
		DC5CDCBB1D80B360008C2A8D /* GLKOmniController.swift */ = {isa = PBXFileReference; fileEncoding = 4; lastKnownFileType = sourcecode.swift; path = GLKOmniController.swift; sourceTree = "<group>"; };
		DC5CDCBC1D80B360008C2A8D /* GLProgramDictionary.swift */ = {isa = PBXFileReference; fileEncoding = 4; lastKnownFileType = sourcecode.swift; path = GLProgramDictionary.swift; sourceTree = "<group>"; };
		DC5CDCBD1D80B360008C2A8D /* GLSAnimator.swift */ = {isa = PBXFileReference; fileEncoding = 4; lastKnownFileType = sourcecode.swift; path = GLSAnimator.swift; sourceTree = "<group>"; };
		DC5CDCBE1D80B360008C2A8D /* GLSCamera.swift */ = {isa = PBXFileReference; fileEncoding = 4; lastKnownFileType = sourcecode.swift; path = GLSCamera.swift; sourceTree = "<group>"; };
		DC5CDCBF1D80B360008C2A8D /* GLSFramebufferReference.swift */ = {isa = PBXFileReference; fileEncoding = 4; lastKnownFileType = sourcecode.swift; path = GLSFramebufferReference.swift; sourceTree = "<group>"; };
		DC5CDCC01D80B360008C2A8D /* GLSFramebufferStack.swift */ = {isa = PBXFileReference; fileEncoding = 4; lastKnownFileType = sourcecode.swift; path = GLSFramebufferStack.swift; sourceTree = "<group>"; };
		DC5CDCC11D80B360008C2A8D /* GLSNode+Animation.swift */ = {isa = PBXFileReference; fileEncoding = 4; lastKnownFileType = sourcecode.swift; path = "GLSNode+Animation.swift"; sourceTree = "<group>"; };
		DC5CDCC21D80B360008C2A8D /* MultiTexturedQuad.swift */ = {isa = PBXFileReference; fileEncoding = 4; lastKnownFileType = sourcecode.swift; path = MultiTexturedQuad.swift; sourceTree = "<group>"; };
		DC5CDCC31D80B360008C2A8D /* NoiseFadeAnimation.swift */ = {isa = PBXFileReference; fileEncoding = 4; lastKnownFileType = sourcecode.swift; path = NoiseFadeAnimation.swift; sourceTree = "<group>"; };
		DC5CDCC41D80B360008C2A8D /* NoiseTexture2D.swift */ = {isa = PBXFileReference; fileEncoding = 4; lastKnownFileType = sourcecode.swift; path = NoiseTexture2D.swift; sourceTree = "<group>"; };
		DC5CDCC51D80B360008C2A8D /* ParticleEmitterBackgroundQueue.swift */ = {isa = PBXFileReference; fileEncoding = 4; lastKnownFileType = sourcecode.swift; path = ParticleEmitterBackgroundQueue.swift; sourceTree = "<group>"; };
		DC5CDCC61D80B360008C2A8D /* PlaygroundOpenGLDelegate.swift */ = {isa = PBXFileReference; fileEncoding = 4; lastKnownFileType = sourcecode.swift; path = PlaygroundOpenGLDelegate.swift; sourceTree = "<group>"; };
		DC5CDCC71D80B360008C2A8D /* ShaderHelper.swift */ = {isa = PBXFileReference; fileEncoding = 4; lastKnownFileType = sourcecode.swift; path = ShaderHelper.swift; sourceTree = "<group>"; };
		DC5CDCC81D80B360008C2A8D /* TexturedQuad.swift */ = {isa = PBXFileReference; fileEncoding = 4; lastKnownFileType = sourcecode.swift; path = TexturedQuad.swift; sourceTree = "<group>"; };
		DC5CDCDE1D80B388008C2A8D /* CoronaConvenience.xcodeproj */ = {isa = PBXFileReference; lastKnownFileType = "wrapper.pb-project"; name = CoronaConvenience.xcodeproj; path = ../CoronaConvenience/CoronaConvenience.xcodeproj; sourceTree = "<group>"; };
		DC5CDCE51D80B3BD008C2A8D /* CoronaStructures.xcodeproj */ = {isa = PBXFileReference; lastKnownFileType = "wrapper.pb-project"; name = CoronaStructures.xcodeproj; path = ../CoronaStructures/CoronaStructures.xcodeproj; sourceTree = "<group>"; };
		DC5CDCEE1D80B6D1008C2A8D /* BilinearArray.swift */ = {isa = PBXFileReference; fileEncoding = 4; lastKnownFileType = sourcecode.swift; path = BilinearArray.swift; sourceTree = "<group>"; };
		DC5CDCEF1D80B6D1008C2A8D /* FluctuatingNoise1D.swift */ = {isa = PBXFileReference; fileEncoding = 4; lastKnownFileType = sourcecode.swift; path = FluctuatingNoise1D.swift; sourceTree = "<group>"; };
		DC5CDCF01D80B6D1008C2A8D /* LinearArray.swift */ = {isa = PBXFileReference; fileEncoding = 4; lastKnownFileType = sourcecode.swift; path = LinearArray.swift; sourceTree = "<group>"; };
		DC5CDCF21D80B6D1008C2A8D /* NoiseArray1D.swift */ = {isa = PBXFileReference; fileEncoding = 4; lastKnownFileType = sourcecode.swift; path = NoiseArray1D.swift; sourceTree = "<group>"; };
		DC5CDCF31D80B6D1008C2A8D /* NoiseArray2D.swift */ = {isa = PBXFileReference; fileEncoding = 4; lastKnownFileType = sourcecode.swift; path = NoiseArray2D.swift; sourceTree = "<group>"; };
		DC5CDCF41D80B6D1008C2A8D /* NoiseArray3D.swift */ = {isa = PBXFileReference; fileEncoding = 4; lastKnownFileType = sourcecode.swift; path = NoiseArray3D.swift; sourceTree = "<group>"; };
		DC5CDCF51D80B6D1008C2A8D /* SmoothingFunctions.swift */ = {isa = PBXFileReference; fileEncoding = 4; lastKnownFileType = sourcecode.swift; path = SmoothingFunctions.swift; sourceTree = "<group>"; };
		DC5CDCF61D80B6D1008C2A8D /* TrilinearArray.swift */ = {isa = PBXFileReference; fileEncoding = 4; lastKnownFileType = sourcecode.swift; path = TrilinearArray.swift; sourceTree = "<group>"; };
		DC5E203D1D8B3AE7006B7498 /* GameplayKit.framework */ = {isa = PBXFileReference; lastKnownFileType = wrapper.framework; name = GameplayKit.framework; path = System/Library/Frameworks/GameplayKit.framework; sourceTree = SDKROOT; };
		DC6E8B131DCBC89D00620B7C /* GLSCheckerSprite.swift */ = {isa = PBXFileReference; fileEncoding = 4; lastKnownFileType = sourcecode.swift; path = GLSCheckerSprite.swift; sourceTree = "<group>"; };
		DC806F361D8202A9006F95F7 /* GLSBoolList2DSprite.swift */ = {isa = PBXFileReference; fileEncoding = 4; lastKnownFileType = sourcecode.swift; path = GLSBoolList2DSprite.swift; sourceTree = "<group>"; };
		DC912B171E47EAA7001567D0 /* CheckerShader.fsh */ = {isa = PBXFileReference; fileEncoding = 4; lastKnownFileType = sourcecode.glsl; path = CheckerShader.fsh; sourceTree = "<group>"; };
		DC912B181E47EAA7001567D0 /* CheckerShader.vsh */ = {isa = PBXFileReference; fileEncoding = 4; lastKnownFileType = sourcecode.glsl; path = CheckerShader.vsh; sourceTree = "<group>"; };
		DC912B1B1E47EAB8001567D0 /* FireShader.fsh */ = {isa = PBXFileReference; fileEncoding = 4; lastKnownFileType = sourcecode.glsl; path = FireShader.fsh; sourceTree = "<group>"; };
		DC912B1C1E47EAB8001567D0 /* FireShader.vsh */ = {isa = PBXFileReference; fileEncoding = 4; lastKnownFileType = sourcecode.glsl; path = FireShader.vsh; sourceTree = "<group>"; };
		DC912B1D1E47EAB8001567D0 /* FractalFireShader.fsh */ = {isa = PBXFileReference; fileEncoding = 4; lastKnownFileType = sourcecode.glsl; path = FractalFireShader.fsh; sourceTree = "<group>"; };
		DC912B1E1E47EAB8001567D0 /* FractalFireShader.vsh */ = {isa = PBXFileReference; fileEncoding = 4; lastKnownFileType = sourcecode.glsl; path = FractalFireShader.vsh; sourceTree = "<group>"; };
		DC94962B1E4249BD008CF23E /* GLSSprite+Animation.swift */ = {isa = PBXFileReference; fileEncoding = 4; lastKnownFileType = sourcecode.swift; path = "GLSSprite+Animation.swift"; sourceTree = "<group>"; };
		DC9FCCF11EDA193B00881218 /* GLSParticleLayer.swift */ = {isa = PBXFileReference; fileEncoding = 4; lastKnownFileType = sourcecode.swift; path = GLSParticleLayer.swift; sourceTree = "<group>"; };
		DCA41A6F1EDD1A2F00DE5F3A /* GLSParticleEmitterDelegate.swift */ = {isa = PBXFileReference; fileEncoding = 4; lastKnownFileType = sourcecode.swift; path = GLSParticleEmitterDelegate.swift; sourceTree = "<group>"; };
		DCB5870C1D8A467B00194959 /* AlphaHoleShader.fsh */ = {isa = PBXFileReference; fileEncoding = 4; lastKnownFileType = sourcecode.glsl; path = AlphaHoleShader.fsh; sourceTree = "<group>"; };
		DCB5870D1D8A467B00194959 /* AlphaHoleShader.vsh */ = {isa = PBXFileReference; fileEncoding = 4; lastKnownFileType = sourcecode.glsl; path = AlphaHoleShader.vsh; sourceTree = "<group>"; };
		DCB5870E1D8A467B00194959 /* BasicGradientShader.fsh */ = {isa = PBXFileReference; fileEncoding = 4; lastKnownFileType = sourcecode.glsl; path = BasicGradientShader.fsh; sourceTree = "<group>"; };
		DCB5870F1D8A467B00194959 /* BasicGradientShader.vsh */ = {isa = PBXFileReference; fileEncoding = 4; lastKnownFileType = sourcecode.glsl; path = BasicGradientShader.vsh; sourceTree = "<group>"; };
		DCB587101D8A467B00194959 /* BasicShader.fsh */ = {isa = PBXFileReference; fileEncoding = 4; lastKnownFileType = sourcecode.glsl; path = BasicShader.fsh; sourceTree = "<group>"; };
		DCB587111D8A467B00194959 /* BasicShader.vsh */ = {isa = PBXFileReference; fileEncoding = 4; lastKnownFileType = sourcecode.glsl; path = BasicShader.vsh; sourceTree = "<group>"; };
		DCB587121D8A467B00194959 /* ColorShader.fsh */ = {isa = PBXFileReference; fileEncoding = 4; lastKnownFileType = sourcecode.glsl; path = ColorShader.fsh; sourceTree = "<group>"; };
		DCB587131D8A467B00194959 /* ColorShader.vsh */ = {isa = PBXFileReference; fileEncoding = 4; lastKnownFileType = sourcecode.glsl; path = ColorShader.vsh; sourceTree = "<group>"; };
		DCB587141D8A467B00194959 /* DoubleShader.fsh */ = {isa = PBXFileReference; fileEncoding = 4; lastKnownFileType = sourcecode.glsl; path = DoubleShader.fsh; sourceTree = "<group>"; };
		DCB587151D8A467B00194959 /* DoubleShader.vsh */ = {isa = PBXFileReference; fileEncoding = 4; lastKnownFileType = sourcecode.glsl; path = DoubleShader.vsh; sourceTree = "<group>"; };
		DCB587161D8A467B00194959 /* DummyShader.fsh */ = {isa = PBXFileReference; fileEncoding = 4; lastKnownFileType = sourcecode.glsl; path = DummyShader.fsh; sourceTree = "<group>"; };
		DCB587171D8A467B00194959 /* DummyShader.vsh */ = {isa = PBXFileReference; fileEncoding = 4; lastKnownFileType = sourcecode.glsl; path = DummyShader.vsh; sourceTree = "<group>"; };
		DCB587181D8A467B00194959 /* FastBlurShader.fsh */ = {isa = PBXFileReference; fileEncoding = 4; lastKnownFileType = sourcecode.glsl; path = FastBlurShader.fsh; sourceTree = "<group>"; };
		DCB587191D8A467B00194959 /* FastBlurShader.vsh */ = {isa = PBXFileReference; fileEncoding = 4; lastKnownFileType = sourcecode.glsl; path = FastBlurShader.vsh; sourceTree = "<group>"; };
		DCB5871A1D8A467B00194959 /* FastFractalShader.fsh */ = {isa = PBXFileReference; fileEncoding = 4; lastKnownFileType = sourcecode.glsl; path = FastFractalShader.fsh; sourceTree = "<group>"; };
		DCB5871B1D8A467B00194959 /* FastFractalShader.vsh */ = {isa = PBXFileReference; fileEncoding = 4; lastKnownFileType = sourcecode.glsl; path = FastFractalShader.vsh; sourceTree = "<group>"; };
		DCB5871E1D8A467B00194959 /* HardBlurShader.fsh */ = {isa = PBXFileReference; fileEncoding = 4; lastKnownFileType = sourcecode.glsl; path = HardBlurShader.fsh; sourceTree = "<group>"; };
		DCB5871F1D8A467B00194959 /* HardBlurShader.vsh */ = {isa = PBXFileReference; fileEncoding = 4; lastKnownFileType = sourcecode.glsl; path = HardBlurShader.vsh; sourceTree = "<group>"; };
		DCB587201D8A467B00194959 /* NoiseShader.fsh */ = {isa = PBXFileReference; fileEncoding = 4; lastKnownFileType = sourcecode.glsl; path = NoiseShader.fsh; sourceTree = "<group>"; };
		DCB587211D8A467B00194959 /* NoiseShader.vsh */ = {isa = PBXFileReference; fileEncoding = 4; lastKnownFileType = sourcecode.glsl; path = NoiseShader.vsh; sourceTree = "<group>"; };
		DCB5872A1D8A467B00194959 /* RadialGradientShader.fsh */ = {isa = PBXFileReference; fileEncoding = 4; lastKnownFileType = sourcecode.glsl; path = RadialGradientShader.fsh; sourceTree = "<group>"; };
		DCB5872B1D8A467B00194959 /* RadialGradientShader.vsh */ = {isa = PBXFileReference; fileEncoding = 4; lastKnownFileType = sourcecode.glsl; path = RadialGradientShader.vsh; sourceTree = "<group>"; };
		DCB5872C1D8A467B00194959 /* SoftBlurShader.fsh */ = {isa = PBXFileReference; fileEncoding = 4; lastKnownFileType = sourcecode.glsl; path = SoftBlurShader.fsh; sourceTree = "<group>"; };
		DCB5872D1D8A467B00194959 /* SoftBlurShader.vsh */ = {isa = PBXFileReference; fileEncoding = 4; lastKnownFileType = sourcecode.glsl; path = SoftBlurShader.vsh; sourceTree = "<group>"; };
		DCB5872E1D8A467B00194959 /* Universal2DShader.fsh */ = {isa = PBXFileReference; fileEncoding = 4; lastKnownFileType = sourcecode.glsl; path = Universal2DShader.fsh; sourceTree = "<group>"; };
		DCB5872F1D8A467B00194959 /* Universal2DShader.vsh */ = {isa = PBXFileReference; fileEncoding = 4; lastKnownFileType = sourcecode.glsl; path = Universal2DShader.vsh; sourceTree = "<group>"; };
		DCB587301D8A467B00194959 /* UniversalParticleShader.fsh */ = {isa = PBXFileReference; fileEncoding = 4; lastKnownFileType = sourcecode.glsl; path = UniversalParticleShader.fsh; sourceTree = "<group>"; };
		DCB587311D8A467B00194959 /* UniversalParticleShader.vsh */ = {isa = PBXFileReference; fileEncoding = 4; lastKnownFileType = sourcecode.glsl; path = UniversalParticleShader.vsh; sourceTree = "<group>"; };
		DCBC5D511EE37CC0005910B1 /* GLSAnimatable.swift */ = {isa = PBXFileReference; fileEncoding = 4; lastKnownFileType = sourcecode.swift; path = GLSAnimatable.swift; sourceTree = "<group>"; };
		DCC50CC61D81ECED007092CA /* ColorGradient1D.swift */ = {isa = PBXFileReference; fileEncoding = 4; lastKnownFileType = sourcecode.swift; path = ColorGradient1D.swift; sourceTree = "<group>"; };
		DCEA99B81D8CCA740019964F /* OmniGLView2d.swift */ = {isa = PBXFileReference; fileEncoding = 4; lastKnownFileType = sourcecode.swift; path = OmniGLView2d.swift; sourceTree = "<group>"; };
		DCF65C871EBC523D00D16693 /* GLSPolygonSprite.swift */ = {isa = PBXFileReference; fileEncoding = 4; lastKnownFileType = sourcecode.swift; path = GLSPolygonSprite.swift; sourceTree = "<group>"; };
/* End PBXFileReference section */

/* Begin PBXFrameworksBuildPhase section */
		DC5CDC851D80B30F008C2A8D /* Frameworks */ = {
			isa = PBXFrameworksBuildPhase;
			buildActionMask = 2147483647;
			files = (
				DC5E203E1D8B3AE7006B7498 /* GameplayKit.framework in Frameworks */,
				DC5CDCEC1D80B3C2008C2A8D /* CoronaStructures.framework in Frameworks */,
				DC5CDCE41D80B38C008C2A8D /* CoronaConvenience.framework in Frameworks */,
			);
			runOnlyForDeploymentPostprocessing = 0;
		};
/* End PBXFrameworksBuildPhase section */

/* Begin PBXGroup section */
		DC087D821D86082700104A84 /* Shaders */ = {
			isa = PBXGroup;
			children = (
				DCB5870C1D8A467B00194959 /* AlphaHoleShader.fsh */,
				DCB5870D1D8A467B00194959 /* AlphaHoleShader.vsh */,
				DCB5870E1D8A467B00194959 /* BasicGradientShader.fsh */,
				DCB5870F1D8A467B00194959 /* BasicGradientShader.vsh */,
				DCB587101D8A467B00194959 /* BasicShader.fsh */,
				DCB587111D8A467B00194959 /* BasicShader.vsh */,
				DC912B171E47EAA7001567D0 /* CheckerShader.fsh */,
				DC912B181E47EAA7001567D0 /* CheckerShader.vsh */,
				DCB587121D8A467B00194959 /* ColorShader.fsh */,
				DCB587131D8A467B00194959 /* ColorShader.vsh */,
				DCB587141D8A467B00194959 /* DoubleShader.fsh */,
				DCB587151D8A467B00194959 /* DoubleShader.vsh */,
				DCB587161D8A467B00194959 /* DummyShader.fsh */,
				DCB587171D8A467B00194959 /* DummyShader.vsh */,
				DCB587181D8A467B00194959 /* FastBlurShader.fsh */,
				DCB587191D8A467B00194959 /* FastBlurShader.vsh */,
				DCB5871A1D8A467B00194959 /* FastFractalShader.fsh */,
				DCB5871B1D8A467B00194959 /* FastFractalShader.vsh */,
				DC912B1B1E47EAB8001567D0 /* FireShader.fsh */,
				DC912B1C1E47EAB8001567D0 /* FireShader.vsh */,
				DC912B1D1E47EAB8001567D0 /* FractalFireShader.fsh */,
				DC912B1E1E47EAB8001567D0 /* FractalFireShader.vsh */,
				DCB5871E1D8A467B00194959 /* HardBlurShader.fsh */,
				DCB5871F1D8A467B00194959 /* HardBlurShader.vsh */,
				DC2A535D1DEA7BC500E961FC /* ImplosionShader.fsh */,
				DC2A535E1DEA7BC500E961FC /* ImplosionShader.vsh */,
				DCB587201D8A467B00194959 /* NoiseShader.fsh */,
				DCB587211D8A467B00194959 /* NoiseShader.vsh */,
				DC40541D1D8C6B0D00608A8F /* PerlinAbsNoiseShader.fsh */,
				DC40541E1D8C6B0D00608A8F /* PerlinAbsNoiseShader.vsh */,
				DC40541F1D8C6B0D00608A8F /* PerlinFractalNoiseShader.fsh */,
				DC4054201D8C6B0D00608A8F /* PerlinFractalNoiseShader.vsh */,
				DC4054211D8C6B0D00608A8F /* PerlinNoiseShader.fsh */,
				DC4054221D8C6B0D00608A8F /* PerlinNoiseShader.vsh */,
				DC4054231D8C6B0D00608A8F /* PerlinSinNoiseShader.fsh */,
				DC4054241D8C6B0D00608A8F /* PerlinSinNoiseShader.vsh */,
				DCB5872A1D8A467B00194959 /* RadialGradientShader.fsh */,
				DCB5872B1D8A467B00194959 /* RadialGradientShader.vsh */,
				DCB5872C1D8A467B00194959 /* SoftBlurShader.fsh */,
				DCB5872D1D8A467B00194959 /* SoftBlurShader.vsh */,
				DCB5872E1D8A467B00194959 /* Universal2DShader.fsh */,
				DCB5872F1D8A467B00194959 /* Universal2DShader.vsh */,
				DCB587301D8A467B00194959 /* UniversalParticleShader.fsh */,
				DCB587311D8A467B00194959 /* UniversalParticleShader.vsh */,
			);
			name = Shaders;
			sourceTree = "<group>";
		};
		DC5CDC7F1D80B30F008C2A8D = {
			isa = PBXGroup;
			children = (
				DC5CDCDE1D80B388008C2A8D /* CoronaConvenience.xcodeproj */,
				DC5CDCE51D80B3BD008C2A8D /* CoronaStructures.xcodeproj */,
				DC5CDC8B1D80B30F008C2A8D /* CoronaGL */,
				DC5CDC8A1D80B30F008C2A8D /* Products */,
				DC5E203C1D8B3AE7006B7498 /* Frameworks */,
			);
			sourceTree = "<group>";
		};
		DC5CDC8A1D80B30F008C2A8D /* Products */ = {
			isa = PBXGroup;
			children = (
				DC5CDC891D80B30F008C2A8D /* CoronaGL.framework */,
			);
			name = Products;
			sourceTree = "<group>";
		};
		DC5CDC8B1D80B30F008C2A8D /* CoronaGL */ = {
			isa = PBXGroup;
			children = (
				DC5CDC941D80B351008C2A8D /* GLSTileSprite.swift */,
				DC5CDC951D80B351008C2A8D /* GLSAlphaHoleSprite.swift */,
				DC5CDC961D80B351008C2A8D /* GLSBlurSprite.swift */,
				DC806F361D8202A9006F95F7 /* GLSBoolList2DSprite.swift */,
				DC6E8B131DCBC89D00620B7C /* GLSCheckerSprite.swift */,
				DC5CDC971D80B351008C2A8D /* GLSDoubleSprite.swift */,
				DC5CDC981D80B351008C2A8D /* GLSFireSprite.swift */,
				DC5CDC991D80B351008C2A8D /* GLSFrameBuffer.swift */,
				DC5CDC9A1D80B351008C2A8D /* GLSFrameSprite.swift */,
				DC5CDC9B1D80B351008C2A8D /* GLSGradientSprite.swift */,
				DC5CDC9C1D80B351008C2A8D /* GLSGroupNode.swift */,
				DC2A53591DEA7A7F00E961FC /* GLSImplosionSprite.swift */,
				DC5CDC9D1D80B351008C2A8D /* GLSNode.swift */,
				DC5CDC9F1D80B351008C2A8D /* GLSParticleEmitter.swift */,
				DC9FCCF11EDA193B00881218 /* GLSParticleLayer.swift */,
				DC5CDCA01D80B351008C2A8D /* GLSPerlinNoiseSprite.swift */,
				DCF65C871EBC523D00D16693 /* GLSPolygonSprite.swift */,
				DC5CDCA11D80B351008C2A8D /* GLSRadialGradientSprite.swift */,
				DC5CDCA21D80B351008C2A8D /* GLSRecursivePropertyNode.swift */,
				DC5CDCA41D80B351008C2A8D /* GLSSprite.swift */,
				DC087D461D85F76800104A84 /* HealthBarSprite.swift */,
				DC5CDCB61D80B355008C2A8D /* Helpers */,
				DC5CDCED1D80B6C5008C2A8D /* Noise */,
				DC087D821D86082700104A84 /* Shaders */,
				DC5CDC8E1D80B30F008C2A8D /* Info.plist */,
			);
			path = CoronaGL;
			sourceTree = "<group>";
		};
		DC5CDCB61D80B355008C2A8D /* Helpers */ = {
			isa = PBXGroup;
			children = (
				DC5CDCB71D80B360008C2A8D /* CCTexture.swift */,
				DC5CDCB81D80B360008C2A8D /* CCTextureOrganizer.swift */,
				DCC50CC61D81ECED007092CA /* ColorGradient1D.swift */,
				DC5CDCB91D80B360008C2A8D /* GLAttributeBridger.swift */,
				DC5CDCBA1D80B360008C2A8D /* GLGradientTexture2D.swift */,
				DC5CDCBB1D80B360008C2A8D /* GLKOmniController.swift */,
				DC5CDCBC1D80B360008C2A8D /* GLProgramDictionary.swift */,
				DCBC5D511EE37CC0005910B1 /* GLSAnimatable.swift */,
				DC5CDCBD1D80B360008C2A8D /* GLSAnimator.swift */,
				DC5CDCBE1D80B360008C2A8D /* GLSCamera.swift */,
				DC5CDCBF1D80B360008C2A8D /* GLSFramebufferReference.swift */,
				DC5CDCC01D80B360008C2A8D /* GLSFramebufferStack.swift */,
				DC5CDCC11D80B360008C2A8D /* GLSNode+Animation.swift */,
				DCA41A6F1EDD1A2F00DE5F3A /* GLSParticleEmitterDelegate.swift */,
				DC4C25421F47870400EFE7A2 /* GLSParticleEmitterFireballDelegate.swift */,
				DC94962B1E4249BD008CF23E /* GLSSprite+Animation.swift */,
				DC5CDCC21D80B360008C2A8D /* MultiTexturedQuad.swift */,
				DC5CDCC31D80B360008C2A8D /* NoiseFadeAnimation.swift */,
				DC5CDCC41D80B360008C2A8D /* NoiseTexture2D.swift */,
				DCEA99B81D8CCA740019964F /* OmniGLView2d.swift */,
				DC5CDCC51D80B360008C2A8D /* ParticleEmitterBackgroundQueue.swift */,
				DC5CDCC61D80B360008C2A8D /* PlaygroundOpenGLDelegate.swift */,
				DC5CDCC71D80B360008C2A8D /* ShaderHelper.swift */,
				DC0266001D84B48400D763CC /* StaticRenderer.swift */,
				DC5CDCC81D80B360008C2A8D /* TexturedQuad.swift */,
				DC1CC0051EDBDA04004DF502 /* GLPoint.swift */,
				DC1CC00B1EDBDA16004DF502 /* GLPoint+Operations.swift */,
				DC1CC0071EDBDA0A004DF502 /* GLVector3.swift */,
				DC1CC00D1EDBDA1E004DF502 /* GLVector3+Operations.swift */,
				DC1CC0091EDBDA10004DF502 /* GLVector4.swift */,
				DC1CC00F1EDBDA26004DF502 /* GLVector4+Operations.swift */,
			);
			name = Helpers;
			sourceTree = "<group>";
		};
		DC5CDCDF1D80B388008C2A8D /* Products */ = {
			isa = PBXGroup;
			children = (
				DC5CDCE31D80B388008C2A8D /* CoronaConvenience.framework */,
				DC28460C1F44BB93003C3FF0 /* CoronaConvenience.Tests.xctest */,
			);
			name = Products;
			sourceTree = "<group>";
		};
		DC5CDCE61D80B3BD008C2A8D /* Products */ = {
			isa = PBXGroup;
			children = (
				DC5CDCEB1D80B3BD008C2A8D /* CoronaStructures.framework */,
				DC2846161F44BB93003C3FF0 /* CoronaStructures-Tests.xctest */,
			);
			name = Products;
			sourceTree = "<group>";
		};
		DC5CDCED1D80B6C5008C2A8D /* Noise */ = {
			isa = PBXGroup;
			children = (
				DC5CDCEE1D80B6D1008C2A8D /* BilinearArray.swift */,
				DC5CDCEF1D80B6D1008C2A8D /* FluctuatingNoise1D.swift */,
				DC5CDCF01D80B6D1008C2A8D /* LinearArray.swift */,
				DC5CDCF21D80B6D1008C2A8D /* NoiseArray1D.swift */,
				DC5CDCF31D80B6D1008C2A8D /* NoiseArray2D.swift */,
				DC5CDCF41D80B6D1008C2A8D /* NoiseArray3D.swift */,
				DC5CDCF51D80B6D1008C2A8D /* SmoothingFunctions.swift */,
				DC5CDCF61D80B6D1008C2A8D /* TrilinearArray.swift */,
			);
			name = Noise;
			sourceTree = "<group>";
		};
		DC5E203C1D8B3AE7006B7498 /* Frameworks */ = {
			isa = PBXGroup;
			children = (
				DC5E203D1D8B3AE7006B7498 /* GameplayKit.framework */,
			);
			name = Frameworks;
			sourceTree = "<group>";
		};
/* End PBXGroup section */

/* Begin PBXHeadersBuildPhase section */
		DC5CDC861D80B30F008C2A8D /* Headers */ = {
			isa = PBXHeadersBuildPhase;
			buildActionMask = 2147483647;
			files = (
			);
			runOnlyForDeploymentPostprocessing = 0;
		};
/* End PBXHeadersBuildPhase section */

/* Begin PBXNativeTarget section */
		DC5CDC881D80B30F008C2A8D /* CoronaGL */ = {
			isa = PBXNativeTarget;
			buildConfigurationList = DC5CDC911D80B30F008C2A8D /* Build configuration list for PBXNativeTarget "CoronaGL" */;
			buildPhases = (
				DC5CDC841D80B30F008C2A8D /* Sources */,
				DC5CDC851D80B30F008C2A8D /* Frameworks */,
				DC5CDC861D80B30F008C2A8D /* Headers */,
				DC5CDC871D80B30F008C2A8D /* Resources */,
			);
			buildRules = (
			);
			dependencies = (
			);
			name = CoronaGL;
			productName = CoronaGL;
			productReference = DC5CDC891D80B30F008C2A8D /* CoronaGL.framework */;
			productType = "com.apple.product-type.framework";
		};
/* End PBXNativeTarget section */

/* Begin PBXProject section */
		DC5CDC801D80B30F008C2A8D /* Project object */ = {
			isa = PBXProject;
			attributes = {
				LastUpgradeCheck = 0920;
				ORGANIZATIONNAME = "Cooper Knaak";
				TargetAttributes = {
					DC5CDC881D80B30F008C2A8D = {
						CreatedOnToolsVersion = 7.3.1;
						LastSwiftMigration = 0920;
					};
				};
			};
			buildConfigurationList = DC5CDC831D80B30F008C2A8D /* Build configuration list for PBXProject "CoronaGL" */;
			compatibilityVersion = "Xcode 3.2";
			developmentRegion = English;
			hasScannedForEncodings = 0;
			knownRegions = (
				en,
			);
			mainGroup = DC5CDC7F1D80B30F008C2A8D;
			productRefGroup = DC5CDC8A1D80B30F008C2A8D /* Products */;
			projectDirPath = "";
			projectReferences = (
				{
					ProductGroup = DC5CDCDF1D80B388008C2A8D /* Products */;
					ProjectRef = DC5CDCDE1D80B388008C2A8D /* CoronaConvenience.xcodeproj */;
				},
				{
					ProductGroup = DC5CDCE61D80B3BD008C2A8D /* Products */;
					ProjectRef = DC5CDCE51D80B3BD008C2A8D /* CoronaStructures.xcodeproj */;
				},
			);
			projectRoot = "";
			targets = (
				DC5CDC881D80B30F008C2A8D /* CoronaGL */,
			);
		};
/* End PBXProject section */

/* Begin PBXReferenceProxy section */
		DC28460C1F44BB93003C3FF0 /* CoronaConvenience.Tests.xctest */ = {
			isa = PBXReferenceProxy;
			fileType = wrapper.cfbundle;
			path = CoronaConvenience.Tests.xctest;
			remoteRef = DC28460B1F44BB93003C3FF0 /* PBXContainerItemProxy */;
			sourceTree = BUILT_PRODUCTS_DIR;
		};
		DC2846161F44BB93003C3FF0 /* CoronaStructures-Tests.xctest */ = {
			isa = PBXReferenceProxy;
			fileType = wrapper.cfbundle;
			path = "CoronaStructures-Tests.xctest";
			remoteRef = DC2846151F44BB93003C3FF0 /* PBXContainerItemProxy */;
			sourceTree = BUILT_PRODUCTS_DIR;
		};
		DC5CDCE31D80B388008C2A8D /* CoronaConvenience.framework */ = {
			isa = PBXReferenceProxy;
			fileType = wrapper.framework;
			path = CoronaConvenience.framework;
			remoteRef = DC5CDCE21D80B388008C2A8D /* PBXContainerItemProxy */;
			sourceTree = BUILT_PRODUCTS_DIR;
		};
		DC5CDCEB1D80B3BD008C2A8D /* CoronaStructures.framework */ = {
			isa = PBXReferenceProxy;
			fileType = wrapper.framework;
			path = CoronaStructures.framework;
			remoteRef = DC5CDCEA1D80B3BD008C2A8D /* PBXContainerItemProxy */;
			sourceTree = BUILT_PRODUCTS_DIR;
		};
/* End PBXReferenceProxy section */

/* Begin PBXResourcesBuildPhase section */
		DC5CDC871D80B30F008C2A8D /* Resources */ = {
			isa = PBXResourcesBuildPhase;
			buildActionMask = 2147483647;
			files = (
				DC8EC0581D8C435800CA55AD /* UniversalParticleShader.fsh in Resources */,
				DC8EC0591D8C435800CA55AD /* UniversalParticleShader.vsh in Resources */,
				DC912B201E47EAB8001567D0 /* FireShader.vsh in Resources */,
				DC912B211E47EAB8001567D0 /* FractalFireShader.fsh in Resources */,
				DCB587381D8A467B00194959 /* ColorShader.fsh in Resources */,
				DCB587341D8A467B00194959 /* BasicGradientShader.fsh in Resources */,
				DCB587361D8A467B00194959 /* BasicShader.fsh in Resources */,
				DCB587461D8A467B00194959 /* NoiseShader.fsh in Resources */,
				DCB587471D8A467B00194959 /* NoiseShader.vsh in Resources */,
				DCB587511D8A467B00194959 /* RadialGradientShader.vsh in Resources */,
				DCB587521D8A467B00194959 /* SoftBlurShader.fsh in Resources */,
				DCB587451D8A467B00194959 /* HardBlurShader.vsh in Resources */,
				DCB5873E1D8A467B00194959 /* FastBlurShader.fsh in Resources */,
				DC4054261D8C6B0D00608A8F /* PerlinAbsNoiseShader.vsh in Resources */,
				DCB587351D8A467B00194959 /* BasicGradientShader.vsh in Resources */,
				DCB587401D8A467B00194959 /* FastFractalShader.fsh in Resources */,
				DCB587501D8A467B00194959 /* RadialGradientShader.fsh in Resources */,
				DC912B191E47EAA7001567D0 /* CheckerShader.fsh in Resources */,
				DC2A535F1DEA7BC500E961FC /* ImplosionShader.fsh in Resources */,
				DC4054291D8C6B0D00608A8F /* PerlinNoiseShader.fsh in Resources */,
				DCB587411D8A467B00194959 /* FastFractalShader.vsh in Resources */,
				DCB587391D8A467B00194959 /* ColorShader.vsh in Resources */,
				DC2A53601DEA7BC500E961FC /* ImplosionShader.vsh in Resources */,
				DC4054271D8C6B0D00608A8F /* PerlinFractalNoiseShader.fsh in Resources */,
				DCB587321D8A467B00194959 /* AlphaHoleShader.fsh in Resources */,
				DCB5873F1D8A467B00194959 /* FastBlurShader.vsh in Resources */,
				DC4054281D8C6B0D00608A8F /* PerlinFractalNoiseShader.vsh in Resources */,
				DCB587541D8A467B00194959 /* Universal2DShader.fsh in Resources */,
				DC4054251D8C6B0D00608A8F /* PerlinAbsNoiseShader.fsh in Resources */,
				DCB587331D8A467B00194959 /* AlphaHoleShader.vsh in Resources */,
				DC40542B1D8C6B0D00608A8F /* PerlinSinNoiseShader.fsh in Resources */,
				DC40542C1D8C6B0D00608A8F /* PerlinSinNoiseShader.vsh in Resources */,
				DC912B1A1E47EAA7001567D0 /* CheckerShader.vsh in Resources */,
				DCB5873C1D8A467B00194959 /* DummyShader.fsh in Resources */,
				DCB5873A1D8A467B00194959 /* DoubleShader.fsh in Resources */,
				DCB5873D1D8A467B00194959 /* DummyShader.vsh in Resources */,
				DCB587551D8A467B00194959 /* Universal2DShader.vsh in Resources */,
				DCB587441D8A467B00194959 /* HardBlurShader.fsh in Resources */,
				DC912B221E47EAB8001567D0 /* FractalFireShader.vsh in Resources */,
				DCB587531D8A467B00194959 /* SoftBlurShader.vsh in Resources */,
				DCB587371D8A467B00194959 /* BasicShader.vsh in Resources */,
				DCB5873B1D8A467B00194959 /* DoubleShader.vsh in Resources */,
				DC912B1F1E47EAB8001567D0 /* FireShader.fsh in Resources */,
				DC40542A1D8C6B0D00608A8F /* PerlinNoiseShader.vsh in Resources */,
			);
			runOnlyForDeploymentPostprocessing = 0;
		};
/* End PBXResourcesBuildPhase section */

/* Begin PBXSourcesBuildPhase section */
		DC5CDC841D80B30F008C2A8D /* Sources */ = {
			isa = PBXSourcesBuildPhase;
			buildActionMask = 2147483647;
			files = (
				DCF65C881EBC523D00D16693 /* GLSPolygonSprite.swift in Sources */,
				DC5CDCDA1D80B360008C2A8D /* TexturedQuad.swift in Sources */,
				DCA41A701EDD1A2F00DE5F3A /* GLSParticleEmitterDelegate.swift in Sources */,
				DC5CDCA81D80B351008C2A8D /* GLSDoubleSprite.swift in Sources */,
				DC5CDCD41D80B360008C2A8D /* MultiTexturedQuad.swift in Sources */,
				DC5CDCD21D80B360008C2A8D /* GLSFramebufferStack.swift in Sources */,
				DC5CDCC91D80B360008C2A8D /* CCTexture.swift in Sources */,
				DC5CDCA71D80B351008C2A8D /* GLSBlurSprite.swift in Sources */,
				DC5CDCAE1D80B351008C2A8D /* GLSNode.swift in Sources */,
				DC9FCCF21EDA193B00881218 /* GLSParticleLayer.swift in Sources */,
				DC5CDCF71D80B6D1008C2A8D /* BilinearArray.swift in Sources */,
				DC94962C1E4249BD008CF23E /* GLSSprite+Animation.swift in Sources */,
				DC5CDCD31D80B360008C2A8D /* GLSNode+Animation.swift in Sources */,
				DC5CDCB01D80B351008C2A8D /* GLSParticleEmitter.swift in Sources */,
				DC5CDCCD1D80B360008C2A8D /* GLKOmniController.swift in Sources */,
				DC5CDCFC1D80B6D1008C2A8D /* NoiseArray2D.swift in Sources */,
				DC5CDCA61D80B351008C2A8D /* GLSAlphaHoleSprite.swift in Sources */,
				DC5CDCA91D80B351008C2A8D /* GLSFireSprite.swift in Sources */,
				DC6E8B141DCBC89D00620B7C /* GLSCheckerSprite.swift in Sources */,
				DC5CDCB51D80B351008C2A8D /* GLSSprite.swift in Sources */,
				DC5CDCFF1D80B6D1008C2A8D /* TrilinearArray.swift in Sources */,
				DC5CDCAD1D80B351008C2A8D /* GLSGroupNode.swift in Sources */,
				DC1CC0061EDBDA04004DF502 /* GLPoint.swift in Sources */,
				DC5CDCAA1D80B351008C2A8D /* GLSFrameBuffer.swift in Sources */,
				DC0266011D84B48400D763CC /* StaticRenderer.swift in Sources */,
				DC5CDCB21D80B351008C2A8D /* GLSRadialGradientSprite.swift in Sources */,
				DCBC5D521EE37CC0005910B1 /* GLSAnimatable.swift in Sources */,
				DC5CDCAC1D80B351008C2A8D /* GLSGradientSprite.swift in Sources */,
				DC5CDCD01D80B360008C2A8D /* GLSCamera.swift in Sources */,
				DC5CDCD61D80B360008C2A8D /* NoiseTexture2D.swift in Sources */,
				DC5CDCD81D80B360008C2A8D /* PlaygroundOpenGLDelegate.swift in Sources */,
				DC4C25431F47870400EFE7A2 /* GLSParticleEmitterFireballDelegate.swift in Sources */,
				DC1CC00E1EDBDA1E004DF502 /* GLVector3+Operations.swift in Sources */,
				DC5CDCD71D80B360008C2A8D /* ParticleEmitterBackgroundQueue.swift in Sources */,
				DC5CDCCF1D80B360008C2A8D /* GLSAnimator.swift in Sources */,
				DC5CDCAB1D80B351008C2A8D /* GLSFrameSprite.swift in Sources */,
				DC5CDCD51D80B360008C2A8D /* NoiseFadeAnimation.swift in Sources */,
				DC806F371D8202A9006F95F7 /* GLSBoolList2DSprite.swift in Sources */,
				DC5CDCCB1D80B360008C2A8D /* GLAttributeBridger.swift in Sources */,
				DC5CDCFE1D80B6D1008C2A8D /* SmoothingFunctions.swift in Sources */,
				DC5CDCF91D80B6D1008C2A8D /* LinearArray.swift in Sources */,
				DC5CDCCA1D80B360008C2A8D /* CCTextureOrganizer.swift in Sources */,
				DC1CC0101EDBDA26004DF502 /* GLVector4+Operations.swift in Sources */,
				DC5CDCCE1D80B360008C2A8D /* GLProgramDictionary.swift in Sources */,
				DC5CDCCC1D80B360008C2A8D /* GLGradientTexture2D.swift in Sources */,
				DC5CDCD11D80B360008C2A8D /* GLSFramebufferReference.swift in Sources */,
				DC5CDCD91D80B360008C2A8D /* ShaderHelper.swift in Sources */,
				DC5CDCB31D80B351008C2A8D /* GLSRecursivePropertyNode.swift in Sources */,
				DCC50CC71D81ECED007092CA /* ColorGradient1D.swift in Sources */,
				DC5CDCB11D80B351008C2A8D /* GLSPerlinNoiseSprite.swift in Sources */,
				DCEA99B91D8CCA740019964F /* OmniGLView2d.swift in Sources */,
				DC1CC00C1EDBDA16004DF502 /* GLPoint+Operations.swift in Sources */,
				DC1CC0081EDBDA0A004DF502 /* GLVector3.swift in Sources */,
				DC2A535A1DEA7A7F00E961FC /* GLSImplosionSprite.swift in Sources */,
				DC5CDCA51D80B351008C2A8D /* GLSTileSprite.swift in Sources */,
				DC087D471D85F76800104A84 /* HealthBarSprite.swift in Sources */,
				DC5CDCFD1D80B6D1008C2A8D /* NoiseArray3D.swift in Sources */,
				DC5CDCF81D80B6D1008C2A8D /* FluctuatingNoise1D.swift in Sources */,
				DC1CC00A1EDBDA10004DF502 /* GLVector4.swift in Sources */,
				DC5CDCFB1D80B6D1008C2A8D /* NoiseArray1D.swift in Sources */,
			);
			runOnlyForDeploymentPostprocessing = 0;
		};
/* End PBXSourcesBuildPhase section */

/* Begin XCBuildConfiguration section */
		DC5CDC8F1D80B30F008C2A8D /* Debug */ = {
			isa = XCBuildConfiguration;
			buildSettings = {
				ALWAYS_SEARCH_USER_PATHS = NO;
				CLANG_ANALYZER_NONNULL = YES;
				CLANG_CXX_LANGUAGE_STANDARD = "gnu++0x";
				CLANG_CXX_LIBRARY = "libc++";
				CLANG_ENABLE_MODULES = YES;
				CLANG_ENABLE_OBJC_ARC = YES;
				CLANG_WARN_BLOCK_CAPTURE_AUTORELEASING = YES;
				CLANG_WARN_BOOL_CONVERSION = YES;
				CLANG_WARN_COMMA = YES;
				CLANG_WARN_CONSTANT_CONVERSION = YES;
				CLANG_WARN_DIRECT_OBJC_ISA_USAGE = YES_ERROR;
				CLANG_WARN_EMPTY_BODY = YES;
				CLANG_WARN_ENUM_CONVERSION = YES;
				CLANG_WARN_INFINITE_RECURSION = YES;
				CLANG_WARN_INT_CONVERSION = YES;
				CLANG_WARN_NON_LITERAL_NULL_CONVERSION = YES;
				CLANG_WARN_OBJC_LITERAL_CONVERSION = YES;
				CLANG_WARN_OBJC_ROOT_CLASS = YES_ERROR;
				CLANG_WARN_RANGE_LOOP_ANALYSIS = YES;
				CLANG_WARN_STRICT_PROTOTYPES = YES;
				CLANG_WARN_SUSPICIOUS_MOVE = YES;
				CLANG_WARN_UNREACHABLE_CODE = YES;
				CLANG_WARN__DUPLICATE_METHOD_MATCH = YES;
				"CODE_SIGN_IDENTITY[sdk=iphoneos*]" = "iPhone Developer";
				COPY_PHASE_STRIP = NO;
				CURRENT_PROJECT_VERSION = 1;
				DEBUG_INFORMATION_FORMAT = dwarf;
				ENABLE_STRICT_OBJC_MSGSEND = YES;
				ENABLE_TESTABILITY = YES;
				GCC_C_LANGUAGE_STANDARD = gnu99;
				GCC_DYNAMIC_NO_PIC = NO;
				GCC_NO_COMMON_BLOCKS = YES;
				GCC_OPTIMIZATION_LEVEL = 0;
				GCC_PREPROCESSOR_DEFINITIONS = (
					"DEBUG=1",
					"$(inherited)",
				);
				GCC_WARN_64_TO_32_BIT_CONVERSION = YES;
				GCC_WARN_ABOUT_RETURN_TYPE = YES_ERROR;
				GCC_WARN_UNDECLARED_SELECTOR = YES;
				GCC_WARN_UNINITIALIZED_AUTOS = YES_AGGRESSIVE;
				GCC_WARN_UNUSED_FUNCTION = YES;
				GCC_WARN_UNUSED_VARIABLE = YES;
				IPHONEOS_DEPLOYMENT_TARGET = 9.3;
				MTL_ENABLE_DEBUG_INFO = YES;
				ONLY_ACTIVE_ARCH = YES;
				SDKROOT = iphoneos;
				SWIFT_OPTIMIZATION_LEVEL = "-Onone";
				TARGETED_DEVICE_FAMILY = "1,2";
				VERSIONING_SYSTEM = "apple-generic";
				VERSION_INFO_PREFIX = "";
			};
			name = Debug;
		};
		DC5CDC901D80B30F008C2A8D /* Release */ = {
			isa = XCBuildConfiguration;
			buildSettings = {
				ALWAYS_SEARCH_USER_PATHS = NO;
				CLANG_ANALYZER_NONNULL = YES;
				CLANG_CXX_LANGUAGE_STANDARD = "gnu++0x";
				CLANG_CXX_LIBRARY = "libc++";
				CLANG_ENABLE_MODULES = YES;
				CLANG_ENABLE_OBJC_ARC = YES;
				CLANG_WARN_BLOCK_CAPTURE_AUTORELEASING = YES;
				CLANG_WARN_BOOL_CONVERSION = YES;
				CLANG_WARN_COMMA = YES;
				CLANG_WARN_CONSTANT_CONVERSION = YES;
				CLANG_WARN_DIRECT_OBJC_ISA_USAGE = YES_ERROR;
				CLANG_WARN_EMPTY_BODY = YES;
				CLANG_WARN_ENUM_CONVERSION = YES;
				CLANG_WARN_INFINITE_RECURSION = YES;
				CLANG_WARN_INT_CONVERSION = YES;
				CLANG_WARN_NON_LITERAL_NULL_CONVERSION = YES;
				CLANG_WARN_OBJC_LITERAL_CONVERSION = YES;
				CLANG_WARN_OBJC_ROOT_CLASS = YES_ERROR;
				CLANG_WARN_RANGE_LOOP_ANALYSIS = YES;
				CLANG_WARN_STRICT_PROTOTYPES = YES;
				CLANG_WARN_SUSPICIOUS_MOVE = YES;
				CLANG_WARN_UNREACHABLE_CODE = YES;
				CLANG_WARN__DUPLICATE_METHOD_MATCH = YES;
				"CODE_SIGN_IDENTITY[sdk=iphoneos*]" = "iPhone Developer";
				COPY_PHASE_STRIP = NO;
				CURRENT_PROJECT_VERSION = 1;
				DEBUG_INFORMATION_FORMAT = "dwarf-with-dsym";
				ENABLE_NS_ASSERTIONS = NO;
				ENABLE_STRICT_OBJC_MSGSEND = YES;
				GCC_C_LANGUAGE_STANDARD = gnu99;
				GCC_NO_COMMON_BLOCKS = YES;
				GCC_WARN_64_TO_32_BIT_CONVERSION = YES;
				GCC_WARN_ABOUT_RETURN_TYPE = YES_ERROR;
				GCC_WARN_UNDECLARED_SELECTOR = YES;
				GCC_WARN_UNINITIALIZED_AUTOS = YES_AGGRESSIVE;
				GCC_WARN_UNUSED_FUNCTION = YES;
				GCC_WARN_UNUSED_VARIABLE = YES;
				IPHONEOS_DEPLOYMENT_TARGET = 9.3;
				MTL_ENABLE_DEBUG_INFO = NO;
				SDKROOT = iphoneos;
				SWIFT_OPTIMIZATION_LEVEL = "-Owholemodule";
				TARGETED_DEVICE_FAMILY = "1,2";
				VALIDATE_PRODUCT = YES;
				VERSIONING_SYSTEM = "apple-generic";
				VERSION_INFO_PREFIX = "";
			};
			name = Release;
		};
		DC5CDC921D80B30F008C2A8D /* Debug */ = {
			isa = XCBuildConfiguration;
			buildSettings = {
				ALWAYS_EMBED_SWIFT_STANDARD_LIBRARIES = YES;
				CLANG_ENABLE_MODULES = YES;
				"CODE_SIGN_IDENTITY[sdk=iphoneos*]" = "";
				DEFINES_MODULE = YES;
				DYLIB_COMPATIBILITY_VERSION = 1;
				DYLIB_CURRENT_VERSION = 1;
				DYLIB_INSTALL_NAME_BASE = "@rpath";
				INFOPLIST_FILE = CoronaGL/Info.plist;
				INSTALL_PATH = "$(LOCAL_LIBRARY_DIR)/Frameworks";
				LD_RUNPATH_SEARCH_PATHS = "$(inherited) @executable_path/Frameworks @loader_path/Frameworks";
				MACOSX_DEPLOYMENT_TARGET = 10.11;
				PRODUCT_BUNDLE_IDENTIFIER = "Corona-Corporation.CoronaGL";
				PRODUCT_NAME = "$(TARGET_NAME)";
				SKIP_INSTALL = YES;
				SUPPORTED_PLATFORMS = "iphonesimulator iphoneos macosx";
				SWIFT_OPTIMIZATION_LEVEL = "-Onone";
				SWIFT_SWIFT3_OBJC_INFERENCE = Default;
				SWIFT_VERSION = 4.0;
				VALID_ARCHS = "arm64 armv7 armv7s x86_64 i386";
			};
			name = Debug;
		};
		DC5CDC931D80B30F008C2A8D /* Release */ = {
			isa = XCBuildConfiguration;
			buildSettings = {
				ALWAYS_EMBED_SWIFT_STANDARD_LIBRARIES = YES;
				CLANG_ENABLE_MODULES = YES;
				"CODE_SIGN_IDENTITY[sdk=iphoneos*]" = "";
				DEFINES_MODULE = YES;
				DYLIB_COMPATIBILITY_VERSION = 1;
				DYLIB_CURRENT_VERSION = 1;
				DYLIB_INSTALL_NAME_BASE = "@rpath";
				INFOPLIST_FILE = CoronaGL/Info.plist;
				INSTALL_PATH = "$(LOCAL_LIBRARY_DIR)/Frameworks";
				LD_RUNPATH_SEARCH_PATHS = "$(inherited) @executable_path/Frameworks @loader_path/Frameworks";
				MACOSX_DEPLOYMENT_TARGET = 10.11;
				PRODUCT_BUNDLE_IDENTIFIER = "Corona-Corporation.CoronaGL";
				PRODUCT_NAME = "$(TARGET_NAME)";
				SKIP_INSTALL = YES;
				SUPPORTED_PLATFORMS = "iphonesimulator iphoneos macosx";
				SWIFT_SWIFT3_OBJC_INFERENCE = Default;
				SWIFT_VERSION = 4.0;
				VALID_ARCHS = "arm64 armv7 armv7s x86_64 i386";
			};
			name = Release;
		};
/* End XCBuildConfiguration section */

/* Begin XCConfigurationList section */
		DC5CDC831D80B30F008C2A8D /* Build configuration list for PBXProject "CoronaGL" */ = {
			isa = XCConfigurationList;
			buildConfigurations = (
				DC5CDC8F1D80B30F008C2A8D /* Debug */,
				DC5CDC901D80B30F008C2A8D /* Release */,
			);
			defaultConfigurationIsVisible = 0;
			defaultConfigurationName = Release;
		};
		DC5CDC911D80B30F008C2A8D /* Build configuration list for PBXNativeTarget "CoronaGL" */ = {
			isa = XCConfigurationList;
			buildConfigurations = (
				DC5CDC921D80B30F008C2A8D /* Debug */,
				DC5CDC931D80B30F008C2A8D /* Release */,
			);
			defaultConfigurationIsVisible = 0;
			defaultConfigurationName = Release;
		};
/* End XCConfigurationList section */
	};
	rootObject = DC5CDC801D80B30F008C2A8D /* Project object */;
}
